
Microsoft Visual Studio Solution File, Format Version 12.00
# Visual Studio Version 17
VisualStudioVersion = 17.5.33516.290
MinimumVisualStudioVersion = 10.0.40219.1
Project("{9A19103F-16F7-4668-BE54-9A1E7A4F7556}") = "SpiceAPI", "SpiceAPI\SpiceAPI.csproj", "{F5752BE0-B3B4-43A4-8F61-E39B5B70517A}"
EndProject
Project("{54A90642-561A-4BB1-A94E-469ADEE60C69}") = "spiceweb", "spiceWeb\spiceweb.esproj", "{029696B7-0D44-43DB-BFC1-6142AE124792}"
EndProject
Global
	GlobalSection(SolutionConfigurationPlatforms) = preSolution
		Debug|Any CPU = Debug|Any CPU
		Release|Any CPU = Release|Any CPU
	EndGlobalSection
	GlobalSection(ProjectConfigurationPlatforms) = postSolution
		{F5752BE0-B3B4-43A4-8F61-E39B5B70517A}.Debug|Any CPU.ActiveCfg = Debug|Any CPU
		{F5752BE0-B3B4-43A4-8F61-E39B5B70517A}.Debug|Any CPU.Build.0 = Debug|Any CPU
		{F5752BE0-B3B4-43A4-8F61-E39B5B70517A}.Release|Any CPU.ActiveCfg = Release|Any CPU
		{F5752BE0-B3B4-43A4-8F61-E39B5B70517A}.Release|Any CPU.Build.0 = Release|Any CPU
		{029696B7-0D44-43DB-BFC1-6142AE124792}.Debug|Any CPU.ActiveCfg = Debug|Any CPU
		{029696B7-0D44-43DB-BFC1-6142AE124792}.Debug|Any CPU.Build.0 = Debug|Any CPU
		{029696B7-0D44-43DB-BFC1-6142AE124792}.Debug|Any CPU.Deploy.0 = Debug|Any CPU
		{029696B7-0D44-43DB-BFC1-6142AE124792}.Release|Any CPU.ActiveCfg = Release|Any CPU
		{029696B7-0D44-43DB-BFC1-6142AE124792}.Release|Any CPU.Build.0 = Release|Any CPU
		{029696B7-0D44-43DB-BFC1-6142AE124792}.Release|Any CPU.Deploy.0 = Release|Any CPU
	EndGlobalSection
	GlobalSection(SolutionProperties) = preSolution
		HideSolutionNode = FALSE
	EndGlobalSection
	GlobalSection(ExtensibilityGlobals) = postSolution
		SolutionGuid = {27FB79D4-E4C0-4904-878E-9E2052CCE0BF}
	EndGlobalSection
EndGlobal
